
Microsoft Visual Studio Solution File, Format Version 12.00
# Visual Studio Version 17
VisualStudioVersion = 17.7.34031.279
MinimumVisualStudioVersion = 10.0.40219.1
Project("{FAE04EC0-301F-11D3-BF4B-00C04F79EFBC}") = "Shop_Bear", "Shop_Bear\Shop_Bear.csproj", "{714DED49-7BCB-4E60-9408-96CFA9798537}"
EndProject
Global
	GlobalSection(SolutionConfigurationPlatforms) = preSolution
		Debug|Any CPU = Debug|Any CPU
		Release|Any CPU = Release|Any CPU
	EndGlobalSection
	GlobalSection(ProjectConfigurationPlatforms) = postSolution
		{714DED49-7BCB-4E60-9408-96CFA9798537}.Debug|Any CPU.ActiveCfg = Debug|Any CPU
		{714DED49-7BCB-4E60-9408-96CFA9798537}.Debug|Any CPU.Build.0 = Debug|Any CPU
		{714DED49-7BCB-4E60-9408-96CFA9798537}.Release|Any CPU.ActiveCfg = Release|Any CPU
		{714DED49-7BCB-4E60-9408-96CFA9798537}.Release|Any CPU.Build.0 = Release|Any CPU
	EndGlobalSection
	GlobalSection(SolutionProperties) = preSolution
		HideSolutionNode = FALSE
	EndGlobalSection
	GlobalSection(ExtensibilityGlobals) = postSolution
		SolutionGuid = {74F7AA0A-72C8-4265-A0D9-E7E06EA9257E}
	EndGlobalSection
EndGlobal
